
Microsoft Visual Studio Solution File, Format Version 12.00
# Visual Studio Version 17
VisualStudioVersion = 17.9.34616.47
MinimumVisualStudioVersion = 10.0.40219.1
Project("{FAE04EC0-301F-11D3-BF4B-00C04F79EFBC}") = "BlogWeb", "BlogWeb\BlogWeb.csproj", "{604BDA79-83CD-4BF8-8C38-8C257020FEC5}"
EndProject
Project("{FAE04EC0-301F-11D3-BF4B-00C04F79EFBC}") = "Blog.Core", "Blog.Core\Blog.Core.csproj", "{72621837-743F-4411-8D38-6B712E0B44CB}"
EndProject
Project("{FAE04EC0-301F-11D3-BF4B-00C04F79EFBC}") = "Blog.Data", "Blog.Data\Blog.Data.csproj", "{AAC06072-F606-4F98-83FB-06E3C295A233}"
EndProject
Project("{FAE04EC0-301F-11D3-BF4B-00C04F79EFBC}") = "Blog.Entity", "Blog.Entity\Blog.Entity.csproj", "{882DB1A2-ACAC-45C6-AABE-8CCC9DCB5176}"
EndProject
Project("{FAE04EC0-301F-11D3-BF4B-00C04F79EFBC}") = "Blog.Service", "Blog.Service\Blog.Service.csproj", "{BB91CD58-5031-4A91-8C6D-ED20EB6994DE}"
EndProject
Global
	GlobalSection(SolutionConfigurationPlatforms) = preSolution
		Debug|Any CPU = Debug|Any CPU
		Release|Any CPU = Release|Any CPU
	EndGlobalSection
	GlobalSection(ProjectConfigurationPlatforms) = postSolution
		{604BDA79-83CD-4BF8-8C38-8C257020FEC5}.Debug|Any CPU.ActiveCfg = Debug|Any CPU
		{604BDA79-83CD-4BF8-8C38-8C257020FEC5}.Debug|Any CPU.Build.0 = Debug|Any CPU
		{604BDA79-83CD-4BF8-8C38-8C257020FEC5}.Release|Any CPU.ActiveCfg = Release|Any CPU
		{604BDA79-83CD-4BF8-8C38-8C257020FEC5}.Release|Any CPU.Build.0 = Release|Any CPU
		{72621837-743F-4411-8D38-6B712E0B44CB}.Debug|Any CPU.ActiveCfg = Debug|Any CPU
		{72621837-743F-4411-8D38-6B712E0B44CB}.Debug|Any CPU.Build.0 = Debug|Any CPU
		{72621837-743F-4411-8D38-6B712E0B44CB}.Release|Any CPU.ActiveCfg = Release|Any CPU
		{72621837-743F-4411-8D38-6B712E0B44CB}.Release|Any CPU.Build.0 = Release|Any CPU
		{AAC06072-F606-4F98-83FB-06E3C295A233}.Debug|Any CPU.ActiveCfg = Debug|Any CPU
		{AAC06072-F606-4F98-83FB-06E3C295A233}.Debug|Any CPU.Build.0 = Debug|Any CPU
		{AAC06072-F606-4F98-83FB-06E3C295A233}.Release|Any CPU.ActiveCfg = Release|Any CPU
		{AAC06072-F606-4F98-83FB-06E3C295A233}.Release|Any CPU.Build.0 = Release|Any CPU
		{882DB1A2-ACAC-45C6-AABE-8CCC9DCB5176}.Debug|Any CPU.ActiveCfg = Debug|Any CPU
		{882DB1A2-ACAC-45C6-AABE-8CCC9DCB5176}.Debug|Any CPU.Build.0 = Debug|Any CPU
		{882DB1A2-ACAC-45C6-AABE-8CCC9DCB5176}.Release|Any CPU.ActiveCfg = Release|Any CPU
		{882DB1A2-ACAC-45C6-AABE-8CCC9DCB5176}.Release|Any CPU.Build.0 = Release|Any CPU
		{BB91CD58-5031-4A91-8C6D-ED20EB6994DE}.Debug|Any CPU.ActiveCfg = Debug|Any CPU
		{BB91CD58-5031-4A91-8C6D-ED20EB6994DE}.Debug|Any CPU.Build.0 = Debug|Any CPU
		{BB91CD58-5031-4A91-8C6D-ED20EB6994DE}.Release|Any CPU.ActiveCfg = Release|Any CPU
		{BB91CD58-5031-4A91-8C6D-ED20EB6994DE}.Release|Any CPU.Build.0 = Release|Any CPU
	EndGlobalSection
	GlobalSection(SolutionProperties) = preSolution
		HideSolutionNode = FALSE
	EndGlobalSection
	GlobalSection(ExtensibilityGlobals) = postSolution
		SolutionGuid = {AA869E0F-5454-43B2-9CFE-2F97FC914F46}
	EndGlobalSection
EndGlobal
